<?xml version="1.0" encoding="utf-8"?>
<Project ToolsVersion="4.0" xmlns="http://schemas.microsoft.com/developer/msbuild/2003">
  <ItemGroup>
    <Filter Include="main">
      <UniqueIdentifier>{afe3341d-e421-4da8-9986-92dc816cabe5}</UniqueIdentifier>
    </Filter>
    <Filter Include="renderer">
      <UniqueIdentifier>{2e7645fd-edde-442b-8ec1-49dd98d7750b}</UniqueIdentifier>
    </Filter>
    <Filter Include="renderer\shaders">
      <UniqueIdentifier>{f7196ad3-8d6d-4d55-a6da-21459b72e4a1}</UniqueIdentifier>
    </Filter>
    <Filter Include="renderer\texturing">
      <UniqueIdentifier>{f8161c2b-4b16-44c4-bd0b-0e69f9987b60}</UniqueIdentifier>
    </Filter>
    <Filter Include="renderer\cameras">
      <UniqueIdentifier>{31fa0071-4812-4698-9ca2-0863ef10deed}</UniqueIdentifier>
    </Filter>
    <Filter Include="renderer\shader">
      <UniqueIdentifier>{00ef9d40-5d00-4d23-a235-ad586ad301d4}</UniqueIdentifier>
    </Filter>
    <Filter Include="renderer\renderer">
      <UniqueIdentifier>{f5c8f5ad-a3f0-42fd-b2b9-4156616c12a6}</UniqueIdentifier>
    </Filter>
    <Filter Include="renderer\materials">
      <UniqueIdentifier>{1234491a-99f3-40af-9c6f-1aa8f75c428d}</UniqueIdentifier>
    </Filter>
    <Filter Include="renderer\utility">
      <UniqueIdentifier>{1eecf185-c6d6-4aa1-b37d-08e73d3fb0de}</UniqueIdentifier>
    </Filter>
    <Filter Include="renderer\meshes">
      <UniqueIdentifier>{1f116d60-735e-403d-a817-2d2365e1c31e}</UniqueIdentifier>
    </Filter>
    <Filter Include="renderer\transformation">
      <UniqueIdentifier>{ab82eccb-7be9-4699-97a1-f6cf00e5fc3a}</UniqueIdentifier>
    </Filter>
    <Filter Include="renderer\postprocessing">
      <UniqueIdentifier>{afbc38fe-58f0-4f97-850a-890aebdff1b1}</UniqueIdentifier>
    </Filter>
    <Filter Include="renderer\cubemapping">
      <UniqueIdentifier>{94442e4d-631a-4ef1-821d-af60aed6766b}</UniqueIdentifier>
    </Filter>
    <Filter Include="renderer\primitives">
      <UniqueIdentifier>{1cfee840-d09f-41a7-8798-9d5d15aec26e}</UniqueIdentifier>
    </Filter>
    <Filter Include="interface">
      <UniqueIdentifier>{9e0ba348-ecf1-4cc5-a1d3-6fb05b245f8e}</UniqueIdentifier>
    </Filter>
    <Filter Include="interface\elements">
      <UniqueIdentifier>{a64b0ebf-af0f-4851-ac3f-d9f268ca6f4a}</UniqueIdentifier>
    </Filter>
    <Filter Include="interface\snippets">
      <UniqueIdentifier>{94f1693e-35ec-43fe-a0ec-a907add0c8bc}</UniqueIdentifier>
    </Filter>
    <Filter Include="renderer\animation">
      <UniqueIdentifier>{7707f422-7304-46c0-a068-14a4141f709c}</UniqueIdentifier>
    </Filter>
    <Filter Include="renderer\shadowmapping">
      <UniqueIdentifier>{d0f58153-d743-49a4-bfe4-e0eb3f20d149}</UniqueIdentifier>
    </Filter>
    <Filter Include="renderer\framebuffer">
      <UniqueIdentifier>{01ea685d-7499-4ae3-a8e1-9e4b1cb41a2a}</UniqueIdentifier>
    </Filter>
    <Filter Include="renderer\lights">
      <UniqueIdentifier>{62cbc5e1-9a2c-4eea-ab1f-e12654bd7bde}</UniqueIdentifier>
    </Filter>
    <Filter Include="renderer\lighting">
      <UniqueIdentifier>{36f48dae-0b13-43e7-94b0-840be7935265}</UniqueIdentifier>
    </Filter>
    <Filter Include="renderer\voxelization">
      <UniqueIdentifier>{a61c530f-d5db-4542-be33-7fe4ff076523}</UniqueIdentifier>
    </Filter>
    <Filter Include="application">
      <UniqueIdentifier>{d6326f57-3044-4d55-8a6b-92a58ff762f9}</UniqueIdentifier>
    </Filter>
    <Filter Include="application\scripting">
      <UniqueIdentifier>{c83e28b9-4147-4dd0-8a6e-cee0c2ff1365}</UniqueIdentifier>
    </Filter>
    <Filter Include="physics">
      <UniqueIdentifier>{476d69ee-3424-403b-9c2d-5953fc06b5e1}</UniqueIdentifier>
    </Filter>
  </ItemGroup>
  <ItemGroup>
    <ClCompile Include="main\main.cpp">
      <Filter>main</Filter>
    </ClCompile>
    <ClCompile Include="renderer\texturing\layeredtexture.cpp">
      <Filter>renderer\texturing</Filter>
    </ClCompile>
    <ClCompile Include="renderer\window.cpp">
      <Filter>renderer</Filter>
    </ClCompile>
    <ClCompile Include="renderer\cameras\camera.cpp">
      <Filter>renderer\cameras</Filter>
    </ClCompile>
    <ClCompile Include="renderer\cameras\perspectivecamera.cpp">
      <Filter>renderer\cameras</Filter>
    </ClCompile>
    <ClCompile Include="renderer\renderer.cpp">
      <Filter>renderer</Filter>
    </ClCompile>
    <ClCompile Include="renderer\renderer\splitrenderer.cpp">
      <Filter>renderer\renderer</Filter>
    </ClCompile>
    <ClCompile Include="renderer\meshes\mesh.cpp">
      <Filter>renderer\meshes</Filter>
    </ClCompile>
    <ClCompile Include="renderer\meshes\model.cpp">
      <Filter>renderer\meshes</Filter>
    </ClCompile>
    <ClCompile Include="renderer\materials\materialfactory.cpp">
      <Filter>renderer\materials</Filter>
    </ClCompile>
    <ClCompile Include="renderer\transformation\transform.cpp">
      <Filter>renderer\transformation</Filter>
    </ClCompile>
    <ClCompile Include="renderer\transformation\transformfactory.cpp">
      <Filter>renderer\transformation</Filter>
    </ClCompile>
    <ClCompile Include="renderer\meshes\meshrenderer.cpp">
      <Filter>renderer\meshes</Filter>
    </ClCompile>
    <ClCompile Include="renderer\meshes\meshfactory.cpp">
      <Filter>renderer\meshes</Filter>
    </ClCompile>
    <ClCompile Include="renderer\postprocessing\postprocessing.cpp">
      <Filter>renderer\postprocessing</Filter>
    </ClCompile>
    <ClCompile Include="renderer\postprocessing\colorcorrection.cpp">
      <Filter>renderer\postprocessing</Filter>
    </ClCompile>
    <ClCompile Include="renderer\cubemapping\skybox.cpp">
      <Filter>renderer\cubemapping</Filter>
    </ClCompile>
    <ClCompile Include="renderer\utility\rendertime.cpp">
      <Filter>renderer\utility</Filter>
    </ClCompile>
    <ClCompile Include="renderer\postprocessing\gammacorrection.cpp">
      <Filter>renderer\postprocessing</Filter>
    </ClCompile>
    <ClCompile Include="renderer\postprocessing\drawdefault.cpp">
      <Filter>renderer\postprocessing</Filter>
    </ClCompile>
    <ClCompile Include="renderer\postprocessing\tonemapping.cpp">
      <Filter>renderer\postprocessing</Filter>
    </ClCompile>
    <ClCompile Include="renderer\sceneobject.cpp">
      <Filter>renderer</Filter>
    </ClCompile>
    <ClCompile Include="renderer\postprocessing\gaussianblur.cpp">
      <Filter>renderer\postprocessing</Filter>
    </ClCompile>
    <ClCompile Include="renderer\postprocessing\bloom.cpp">
      <Filter>renderer\postprocessing</Filter>
    </ClCompile>
    <ClCompile Include="renderer\postprocessing\godray.cpp">
      <Filter>renderer\postprocessing</Filter>
    </ClCompile>
    <ClCompile Include="renderer\materials\genericmaterial.cpp">
      <Filter>renderer\materials</Filter>
    </ClCompile>
    <ClCompile Include="renderer\materials\defaultmaterial.cpp">
      <Filter>renderer\materials</Filter>
    </ClCompile>
    <ClCompile Include="renderer\renderer\deferredrenderer.cpp">
      <Filter>renderer\renderer</Filter>
    </ClCompile>
    <ClCompile Include="renderer\postprocessing\ssao.cpp">
      <Filter>renderer\postprocessing</Filter>
    </ClCompile>
    <ClCompile Include="renderer\postprocessing\simpleblur.cpp">
      <Filter>renderer\postprocessing</Filter>
    </ClCompile>
    <ClCompile Include="renderer\postprocessing\ssrr.cpp">
      <Filter>renderer\postprocessing</Filter>
    </ClCompile>
    <ClCompile Include="renderer\postprocessing\dof.cpp">
      <Filter>renderer\postprocessing</Filter>
    </ClCompile>
    <ClCompile Include="renderer\postprocessing\blurredeffect.cpp">
      <Filter>renderer\postprocessing</Filter>
    </ClCompile>
    <ClCompile Include="renderer\postprocessing\volumetriclight.cpp">
      <Filter>renderer\postprocessing</Filter>
    </ClCompile>
    <ClCompile Include="renderer\postprocessing\sobel.cpp">
      <Filter>renderer\postprocessing</Filter>
    </ClCompile>
    <ClCompile Include="renderer\utility\stb_image_importer.cpp">
      <Filter>renderer\utility</Filter>
    </ClCompile>
    <ClCompile Include="renderer\texturing\envmap.cpp">
      <Filter>renderer\texturing</Filter>
    </ClCompile>
    <ClCompile Include="renderer\cubemapping\envcubemap.cpp">
      <Filter>renderer\cubemapping</Filter>
    </ClCompile>
    <ClCompile Include="renderer\primitives\screenquad.cpp">
      <Filter>renderer\primitives</Filter>
    </ClCompile>
    <ClCompile Include="renderer\primitives\screencube.cpp">
      <Filter>renderer\primitives</Filter>
    </ClCompile>
    <ClCompile Include="renderer\cubemapping\irrmap.cpp">
      <Filter>renderer\cubemapping</Filter>
    </ClCompile>
    <ClCompile Include="renderer\cubemapping\cubemap.cpp">
      <Filter>renderer\cubemapping</Filter>
    </ClCompile>
    <ClCompile Include="renderer\utility\debug.cpp">
      <Filter>renderer\utility</Filter>
    </ClCompile>
    <ClCompile Include="renderer\materials\material.cpp">
      <Filter>renderer\materials</Filter>
    </ClCompile>
    <ClCompile Include="interface\guirenderer.cpp">
      <Filter>interface</Filter>
    </ClCompile>
    <ClCompile Include="renderer\renderer\rendercontext.cpp">
      <Filter>renderer\renderer</Filter>
    </ClCompile>
    <ClCompile Include="interface\elements\objectlister.cpp">
      <Filter>interface\elements</Filter>
    </ClCompile>
    <ClCompile Include="interface\elements\posteffectlister.cpp">
      <Filter>interface\elements</Filter>
    </ClCompile>
    <ClCompile Include="interface\snippets\guisnippets.cpp">
      <Filter>interface\snippets</Filter>
    </ClCompile>
    <ClCompile Include="interface\snippets\objectsnippets.cpp">
      <Filter>interface\snippets</Filter>
    </ClCompile>
    <ClCompile Include="interface\snippets\postsnippets.cpp">
      <Filter>interface\snippets</Filter>
    </ClCompile>
    <ClCompile Include="interface\elements\systeminformation.cpp">
      <Filter>interface\elements</Filter>
    </ClCompile>
    <ClCompile Include="interface\guielement.cpp">
      <Filter>interface</Filter>
    </ClCompile>
    <ClCompile Include="renderer\animation\animation.cpp">
      <Filter>renderer\animation</Filter>
    </ClCompile>
    <ClCompile Include="renderer\animation\skeleton.cpp">
      <Filter>renderer\animation</Filter>
    </ClCompile>
    <ClCompile Include="renderer\shader\sceneshader.cpp">
      <Filter>renderer\shader</Filter>
    </ClCompile>
    <ClCompile Include="renderer\meshes\skinnedrenderer.cpp">
      <Filter>renderer\meshes</Filter>
    </ClCompile>
    <ClCompile Include="renderer\animation\animatedobject.cpp">
      <Filter>renderer\animation</Filter>
    </ClCompile>
    <ClCompile Include="renderer\animation\animator.cpp">
      <Filter>renderer\animation</Filter>
    </ClCompile>
    <ClCompile Include="renderer\texturing\texture.cpp">
      <Filter>renderer\texturing</Filter>
    </ClCompile>
    <ClCompile Include="renderer\shadowmapping\simpleshadowmap.cpp">
      <Filter>renderer\shadowmapping</Filter>
    </ClCompile>
    <ClCompile Include="renderer\shadowmapping\cascadedmap.cpp">
      <Filter>renderer\shadowmapping</Filter>
    </ClCompile>
    <ClCompile Include="renderer\cubemapping\prefilterEnvmap.cpp">
      <Filter>renderer\cubemapping</Filter>
    </ClCompile>
    <ClCompile Include="renderer\texturing\brdfIntMap.cpp">
      <Filter>renderer\texturing</Filter>
    </ClCompile>
    <ClCompile Include="renderer\cubemapping\iblmap.cpp">
      <Filter>renderer\cubemapping</Filter>
    </ClCompile>
    <ClCompile Include="renderer\cubemapping\reflectionprobe.cpp">
      <Filter>renderer\cubemapping</Filter>
    </ClCompile>
    <ClCompile Include="renderer\framebuffer\framebuffer.cpp">
      <Filter>renderer\framebuffer</Filter>
    </ClCompile>
    <ClCompile Include="renderer\framebuffer\gbuffer.cpp">
      <Filter>renderer\framebuffer</Filter>
    </ClCompile>
    <ClCompile Include="renderer\framebuffer\cubebuffer.cpp">
      <Filter>renderer\framebuffer</Filter>
    </ClCompile>
    <ClCompile Include="renderer\texturing\imagetexture.cpp">
      <Filter>renderer\texturing</Filter>
    </ClCompile>
    <ClCompile Include="renderer\texturing\rendertexture.cpp">
      <Filter>renderer\texturing</Filter>
    </ClCompile>
    <ClCompile Include="renderer\pipeline.cpp">
      <Filter>renderer</Filter>
    </ClCompile>
    <ClCompile Include="renderer\cubemapping\cubemapfactory.cpp">
      <Filter>renderer\cubemapping</Filter>
    </ClCompile>
    <ClCompile Include="main\raymarchscene.cpp">
      <Filter>main</Filter>
    </ClCompile>
    <ClCompile Include="renderer\shadowmapping\shadowmapconfig.cpp">
      <Filter>renderer\shadowmapping</Filter>
    </ClCompile>
    <ClCompile Include="renderer\postprocessing\fxaa.cpp">
      <Filter>renderer\postprocessing</Filter>
    </ClCompile>
    <ClCompile Include="renderer\lights\directionallight.cpp">
      <Filter>renderer\lights</Filter>
    </ClCompile>
    <ClCompile Include="renderer\lights\light.cpp">
      <Filter>renderer\lights</Filter>
    </ClCompile>
    <ClCompile Include="renderer\lights\lightmanager.cpp">
      <Filter>renderer\lights</Filter>
    </ClCompile>
    <ClCompile Include="renderer\lights\pointlight.cpp">
      <Filter>renderer\lights</Filter>
    </ClCompile>
    <ClCompile Include="renderer\lights\spotlight.cpp">
      <Filter>renderer\lights</Filter>
    </ClCompile>
    <ClCompile Include="renderer\lighting\deferredlighting.cpp">
      <Filter>renderer\lighting</Filter>
    </ClCompile>
    <ClCompile Include="renderer\lighting\raymarcher.cpp">
      <Filter>renderer\lighting</Filter>
    </ClCompile>
    <ClCompile Include="renderer\lighting\scenerender.cpp">
      <Filter>renderer\lighting</Filter>
    </ClCompile>
    <ClCompile Include="renderer\lighting\ibl.cpp">
      <Filter>renderer\lighting</Filter>
    </ClCompile>
    <ClCompile Include="renderer\voxelization\voxelizer.cpp">
      <Filter>renderer\voxelization</Filter>
    </ClCompile>
    <ClCompile Include="renderer\framebuffer\bufferutil.cpp">
      <Filter>renderer\framebuffer</Filter>
    </ClCompile>
    <ClCompile Include="renderer\voxelization\voxeloctree.cpp">
      <Filter>renderer\voxelization</Filter>
    </ClCompile>
    <ClCompile Include="renderer\shader\rendershader.cpp">
      <Filter>renderer\shader</Filter>
    </ClCompile>
    <ClCompile Include="renderer\shader\shader.cpp">
      <Filter>renderer\shader</Filter>
    </ClCompile>
    <ClCompile Include="renderer\shader\computeshader.cpp">
      <Filter>renderer\shader</Filter>
    </ClCompile>
    <ClCompile Include="renderer\lighting\conetracer.cpp">
      <Filter>renderer\lighting</Filter>
    </ClCompile>
    <ClCompile Include="renderer\voxelization\voxeltexture.cpp">
      <Filter>renderer\voxelization</Filter>
    </ClCompile>
    <ClCompile Include="renderer\texturing\imagetexturecube.cpp">
      <Filter>renderer\texturing</Filter>
    </ClCompile>
    <ClCompile Include="renderer\texturing\rendertexture3D.cpp">
      <Filter>renderer\texturing</Filter>
    </ClCompile>
    <ClCompile Include="renderer\texturing\rendertexturecube.cpp">
      <Filter>renderer\texturing</Filter>
    </ClCompile>
    <ClCompile Include="interface\snippets\blursnippets.cpp">
      <Filter>interface\snippets</Filter>
    </ClCompile>
    <ClCompile Include="renderer\utility\linearkernel.cpp">
      <Filter>renderer\utility</Filter>
    </ClCompile>
    <ClCompile Include="renderer\postprocessing\motionblur.cpp">
      <Filter>renderer\postprocessing</Filter>
    </ClCompile>
    <ClCompile Include="renderer\postprocessing\brightnessfilter.cpp">
      <Filter>renderer\postprocessing</Filter>
    </ClCompile>
    <ClCompile Include="renderer\postprocessing\lensflare.cpp">
      <Filter>renderer\postprocessing</Filter>
    </ClCompile>
    <ClCompile Include="renderer\framebuffer\pingpong.cpp">
      <Filter>renderer\framebuffer</Filter>
    </ClCompile>
    <ClCompile Include="renderer\framebuffer\stackbuffer.cpp">
      <Filter>renderer\framebuffer</Filter>
    </ClCompile>
    <ClCompile Include="renderer\framebuffer\colorbuffer.cpp">
      <Filter>renderer\framebuffer</Filter>
    </ClCompile>
    <ClCompile Include="renderer\utility\viewport.cpp">
      <Filter>renderer\utility</Filter>
    </ClCompile>
    <ClCompile Include="renderer\shader\shaderreader.cpp">
      <Filter>renderer\shader</Filter>
    </ClCompile>
    <ClCompile Include="renderer\shader\shaderbinding.cpp">
      <Filter>renderer\shader</Filter>
    </ClCompile>
    <ClCompile Include="renderer\shader\shaderprovider.cpp">
      <Filter>renderer\shader</Filter>
    </ClCompile>
    <ClCompile Include="renderer\utility\defaults.cpp">
      <Filter>renderer\utility</Filter>
    </ClCompile>
    <ClCompile Include="application\application.cpp">
      <Filter>application</Filter>
    </ClCompile>
    <ClCompile Include="application\configuration.cpp">
      <Filter>application</Filter>
    </ClCompile>
    <ClCompile Include="physics\collider.cpp">
      <Filter>physics</Filter>
    </ClCompile>
    <ClCompile Include="physics\motionstate.cpp">
      <Filter>physics</Filter>
    </ClCompile>
    <ClCompile Include="physics\rigidbody.cpp">
      <Filter>physics</Filter>
    </ClCompile>
    <ClCompile Include="physics\worldphysics.cpp">
      <Filter>physics</Filter>
    </ClCompile>
    <ClCompile Include="renderer\renderscene.cpp">
      <Filter>renderer</Filter>
    </ClCompile>
    <ClCompile Include="application\threading.cpp">
      <Filter>application</Filter>
    </ClCompile>
    <ClCompile Include="renderer\transformation\threadedtransform.cpp">
      <Filter>renderer\transformation</Filter>
    </ClCompile>
    <ClCompile Include="application\inputmanager.cpp">
      <Filter>application</Filter>
    </ClCompile>
    <ClCompile Include="renderer\cameras\movablecamera.cpp">
      <Filter>renderer</Filter>
    </ClCompile>
  </ItemGroup>
  <ItemGroup>
    <ClInclude Include="renderer\renderer.h">
      <Filter>renderer</Filter>
    </ClInclude>
    <ClInclude Include="renderer\texturing\texture.h">
      <Filter>renderer\texturing</Filter>
    </ClInclude>
    <ClInclude Include="renderer\texturing\layeredtexture.h">
      <Filter>renderer\texturing</Filter>
    </ClInclude>
    <ClInclude Include="renderer\window.h">
      <Filter>renderer</Filter>
    </ClInclude>
    <ClInclude Include="renderer\cameras\camera.h">
      <Filter>renderer\cameras</Filter>
    </ClInclude>
    <ClInclude Include="renderer\cameras\perspectivecamera.h">
      <Filter>renderer\cameras</Filter>
    </ClInclude>
    <ClInclude Include="renderer\renderer\splitrenderer.h">
      <Filter>renderer\renderer</Filter>
    </ClInclude>
    <ClInclude Include="renderer\materials\material.h">
      <Filter>renderer\materials</Filter>
    </ClInclude>
    <ClInclude Include="renderer\utility\rendertime.h">
      <Filter>renderer\utility</Filter>
    </ClInclude>
    <ClInclude Include="renderer\meshes\mesh.h">
      <Filter>renderer\meshes</Filter>
    </ClInclude>
    <ClInclude Include="renderer\meshes\model.h">
      <Filter>renderer\meshes</Filter>
    </ClInclude>
    <ClInclude Include="renderer\materials\materialfactory.h">
      <Filter>renderer\materials</Filter>
    </ClInclude>
    <ClInclude Include="renderer\transformation\transform.h">
      <Filter>renderer\transformation</Filter>
    </ClInclude>
    <ClInclude Include="renderer\transformation\transformfactory.h">
      <Filter>renderer\transformation</Filter>
    </ClInclude>
    <ClInclude Include="renderer\meshes\meshrenderer.h">
      <Filter>renderer\meshes</Filter>
    </ClInclude>
    <ClInclude Include="renderer\meshes\meshfactory.h">
      <Filter>renderer\meshes</Filter>
    </ClInclude>
    <ClInclude Include="renderer\postprocessing\postprocessing.h">
      <Filter>renderer\postprocessing</Filter>
    </ClInclude>
    <ClInclude Include="renderer\postprocessing\colorcorrection.h">
      <Filter>renderer\postprocessing</Filter>
    </ClInclude>
    <ClInclude Include="renderer\cubemapping\skybox.h">
      <Filter>renderer\cubemapping</Filter>
    </ClInclude>
    <ClInclude Include="renderer\postprocessing\gammacorrection.h">
      <Filter>renderer\postprocessing</Filter>
    </ClInclude>
    <ClInclude Include="renderer\postprocessing\drawdefault.h">
      <Filter>renderer\postprocessing</Filter>
    </ClInclude>
    <ClInclude Include="renderer\postprocessing\tonemapping.h">
      <Filter>renderer\postprocessing</Filter>
    </ClInclude>
    <ClInclude Include="renderer\sceneobject.h">
      <Filter>renderer</Filter>
    </ClInclude>
    <ClInclude Include="renderer\postprocessing\bloom.h">
      <Filter>renderer\postprocessing</Filter>
    </ClInclude>
    <ClInclude Include="renderer\postprocessing\gaussianblur.h">
      <Filter>renderer\postprocessing</Filter>
    </ClInclude>
    <ClInclude Include="renderer\postprocessing\godray.h">
      <Filter>renderer\postprocessing</Filter>
    </ClInclude>
    <ClInclude Include="renderer\materials\genericmaterial.h">
      <Filter>renderer\materials</Filter>
    </ClInclude>
    <ClInclude Include="renderer\materials\defaultmaterial.h">
      <Filter>renderer\materials</Filter>
    </ClInclude>
    <ClInclude Include="renderer\renderer\deferredrenderer.h">
      <Filter>renderer\renderer</Filter>
    </ClInclude>
    <ClInclude Include="renderer\postprocessing\ssao.h">
      <Filter>renderer\postprocessing</Filter>
    </ClInclude>
    <ClInclude Include="renderer\postprocessing\simpleblur.h">
      <Filter>renderer\postprocessing</Filter>
    </ClInclude>
    <ClInclude Include="renderer\postprocessing\ssrr.h">
      <Filter>renderer\postprocessing</Filter>
    </ClInclude>
    <ClInclude Include="renderer\postprocessing\dof.h">
      <Filter>renderer\postprocessing</Filter>
    </ClInclude>
    <ClInclude Include="renderer\postprocessing\fxaa.h">
      <Filter>renderer\postprocessing</Filter>
    </ClInclude>
    <ClInclude Include="renderer\postprocessing\blurredeffect.h">
      <Filter>renderer\postprocessing</Filter>
    </ClInclude>
    <ClInclude Include="renderer\postprocessing\volumetriclight.h">
      <Filter>renderer\postprocessing</Filter>
    </ClInclude>
    <ClInclude Include="renderer\postprocessing\sobel.h">
      <Filter>renderer\postprocessing</Filter>
    </ClInclude>
    <ClInclude Include="renderer\utility\worldinformation.h">
      <Filter>renderer\utility</Filter>
    </ClInclude>
    <ClInclude Include="renderer\texturing\envmap.h">
      <Filter>renderer\texturing</Filter>
    </ClInclude>
    <ClInclude Include="renderer\cubemapping\envcubemap.h">
      <Filter>renderer\cubemapping</Filter>
    </ClInclude>
    <ClInclude Include="renderer\primitives\primitive.h">
      <Filter>renderer\primitives</Filter>
    </ClInclude>
    <ClInclude Include="renderer\primitives\screenquad.h">
      <Filter>renderer\primitives</Filter>
    </ClInclude>
    <ClInclude Include="renderer\primitives\screencube.h">
      <Filter>renderer\primitives</Filter>
    </ClInclude>
    <ClInclude Include="renderer\cubemapping\texcubemap.h">
      <Filter>renderer\cubemapping</Filter>
    </ClInclude>
    <ClInclude Include="renderer\cubemapping\cubemap.h">
      <Filter>renderer\cubemapping</Filter>
    </ClInclude>
    <ClInclude Include="renderer\cubemapping\irrmap.h">
      <Filter>renderer\cubemapping</Filter>
    </ClInclude>
    <ClInclude Include="renderer\utility\debug.h">
      <Filter>renderer\utility</Filter>
    </ClInclude>
    <ClInclude Include="interface\guirenderer.h">
      <Filter>interface</Filter>
    </ClInclude>
    <ClInclude Include="interface\guielement.h">
      <Filter>interface</Filter>
    </ClInclude>
    <ClInclude Include="interface\guiwrapper.h">
      <Filter>interface</Filter>
    </ClInclude>
    <ClInclude Include="renderer\renderer\rendercontext.h">
      <Filter>renderer\renderer</Filter>
    </ClInclude>
    <ClInclude Include="interface\elements\objectlister.h">
      <Filter>interface\elements</Filter>
    </ClInclude>
    <ClInclude Include="interface\elements\posteffectlister.h">
      <Filter>interface\elements</Filter>
    </ClInclude>
    <ClInclude Include="interface\snippets\guisnippets.h">
      <Filter>interface\snippets</Filter>
    </ClInclude>
    <ClInclude Include="interface\snippets\objectsnippets.h">
      <Filter>interface\snippets</Filter>
    </ClInclude>
    <ClInclude Include="interface\snippets\postsnippets.h">
      <Filter>interface\snippets</Filter>
    </ClInclude>
    <ClInclude Include="interface\elements\systeminformation.h">
      <Filter>interface\elements</Filter>
    </ClInclude>
    <ClInclude Include="renderer\animation\skeleton.h">
      <Filter>renderer\animation</Filter>
    </ClInclude>
    <ClInclude Include="renderer\animation\animation.h">
      <Filter>renderer\animation</Filter>
    </ClInclude>
    <ClInclude Include="renderer\animation\animator.h">
      <Filter>renderer\animation</Filter>
    </ClInclude>
    <ClInclude Include="renderer\animation\animatedobject.h">
      <Filter>renderer\animation</Filter>
    </ClInclude>
    <ClInclude Include="renderer\utility\vectorextension.h">
      <Filter>renderer\utility</Filter>
    </ClInclude>
    <ClInclude Include="renderer\utility\matrixextension.h">
      <Filter>renderer\utility</Filter>
    </ClInclude>
    <ClInclude Include="renderer\shader\sceneshader.h">
      <Filter>renderer\shader</Filter>
    </ClInclude>
    <ClInclude Include="renderer\shader\defshading.h">
      <Filter>renderer\shader</Filter>
    </ClInclude>
    <ClInclude Include="renderer\meshes\skinnedrenderer.h">
      <Filter>renderer\meshes</Filter>
    </ClInclude>
    <ClInclude Include="renderer\shadowmapping\shadowmap.h">
      <Filter>renderer\shadowmapping</Filter>
    </ClInclude>
    <ClInclude Include="renderer\shadowmapping\simpleshadowmap.h">
      <Filter>renderer\shadowmapping</Filter>
    </ClInclude>
    <ClInclude Include="renderer\shadowmapping\cascadedmap.h">
      <Filter>renderer\shadowmapping</Filter>
    </ClInclude>
    <ClInclude Include="renderer\cubemapping\prefilterEnvmap.h">
      <Filter>renderer\cubemapping</Filter>
    </ClInclude>
    <ClInclude Include="renderer\texturing\brdfIntMap.h">
      <Filter>renderer\texturing</Filter>
    </ClInclude>
    <ClInclude Include="renderer\cubemapping\iblmap.h">
      <Filter>renderer\cubemapping</Filter>
    </ClInclude>
    <ClInclude Include="renderer\cubemapping\reflectionprobe.h">
      <Filter>renderer\cubemapping</Filter>
    </ClInclude>
    <ClInclude Include="renderer\framebuffer\framebuffer.h">
      <Filter>renderer\framebuffer</Filter>
    </ClInclude>
    <ClInclude Include="renderer\framebuffer\gbuffer.h">
      <Filter>renderer\framebuffer</Filter>
    </ClInclude>
    <ClInclude Include="renderer\framebuffer\cubebuffer.h">
      <Filter>renderer\framebuffer</Filter>
    </ClInclude>
    <ClInclude Include="renderer\utility\screeninfo.h">
      <Filter>renderer\utility</Filter>
    </ClInclude>
    <ClInclude Include="renderer\texturing\imagetexture.h">
      <Filter>renderer\texturing</Filter>
    </ClInclude>
    <ClInclude Include="renderer\texturing\rendertexture.h">
      <Filter>renderer\texturing</Filter>
    </ClInclude>
    <ClInclude Include="renderer\pipeline.h">
      <Filter>renderer</Filter>
    </ClInclude>
    <ClInclude Include="renderer\cubemapping\cubemapfactory.h">
      <Filter>renderer\cubemapping</Filter>
    </ClInclude>
    <ClInclude Include="main\raymarchscene.h">
      <Filter>main</Filter>
    </ClInclude>
    <ClInclude Include="renderer\shadowmapping\shadowmapconfig.h">
      <Filter>renderer\shadowmapping</Filter>
    </ClInclude>
    <ClInclude Include="renderer\lights\directionallight.h">
      <Filter>renderer\lights</Filter>
    </ClInclude>
    <ClInclude Include="renderer\lights\light.h">
      <Filter>renderer\lights</Filter>
    </ClInclude>
    <ClInclude Include="renderer\lights\lightbinding.h">
      <Filter>renderer\lights</Filter>
    </ClInclude>
    <ClInclude Include="renderer\lights\lightmanager.h">
      <Filter>renderer\lights</Filter>
    </ClInclude>
    <ClInclude Include="renderer\lights\pointlight.h">
      <Filter>renderer\lights</Filter>
    </ClInclude>
    <ClInclude Include="renderer\lights\spotlight.h">
      <Filter>renderer\lights</Filter>
    </ClInclude>
    <ClInclude Include="renderer\lighting\deferredlighting.h">
      <Filter>renderer\lighting</Filter>
    </ClInclude>
    <ClInclude Include="renderer\lighting\raymarcher.h">
      <Filter>renderer\lighting</Filter>
    </ClInclude>
    <ClInclude Include="renderer\lighting\scenerender.h">
      <Filter>renderer\lighting</Filter>
    </ClInclude>
    <ClInclude Include="renderer\lighting\ibl.h">
      <Filter>renderer\lighting</Filter>
    </ClInclude>
    <ClInclude Include="renderer\voxelization\voxelizer.h">
      <Filter>renderer\voxelization</Filter>
    </ClInclude>
    <ClInclude Include="renderer\framebuffer\bufferutil.h">
      <Filter>renderer\framebuffer</Filter>
    </ClInclude>
    <ClInclude Include="renderer\voxelization\voxeloctree.h">
      <Filter>renderer\voxelization</Filter>
    </ClInclude>
    <ClInclude Include="renderer\shader\rendershader.h">
      <Filter>renderer\shader</Filter>
    </ClInclude>
    <ClInclude Include="renderer\shader\shader.h">
      <Filter>renderer\shader</Filter>
    </ClInclude>
    <ClInclude Include="renderer\shader\computeshader.h">
      <Filter>renderer\shader</Filter>
    </ClInclude>
    <ClInclude Include="renderer\lighting\conetracer.h">
      <Filter>renderer\lighting</Filter>
    </ClInclude>
    <ClInclude Include="renderer\voxelization\voxeltexture.h">
      <Filter>renderer\voxelization</Filter>
    </ClInclude>
    <ClInclude Include="renderer\voxelization\voxelstructure.h">
      <Filter>renderer\voxelization</Filter>
    </ClInclude>
    <ClInclude Include="renderer\texturing\texturetype.h">
      <Filter>renderer\texturing</Filter>
    </ClInclude>
    <ClInclude Include="renderer\texturing\imagetexturecube.h">
      <Filter>renderer\texturing</Filter>
    </ClInclude>
    <ClInclude Include="renderer\texturing\rendertexture3D.h">
      <Filter>renderer\texturing</Filter>
    </ClInclude>
    <ClInclude Include="renderer\texturing\rendertexturecube.h">
      <Filter>renderer\texturing</Filter>
    </ClInclude>
    <ClInclude Include="interface\snippets\blursnippets.h">
      <Filter>interface\snippets</Filter>
    </ClInclude>
    <ClInclude Include="renderer\utility\linearkernel.h">
      <Filter>renderer\utility</Filter>
    </ClInclude>
    <ClInclude Include="renderer\postprocessing\motionblur.h">
      <Filter>renderer\postprocessing</Filter>
    </ClInclude>
    <ClInclude Include="renderer\postprocessing\brightnessfilter.h">
      <Filter>renderer\postprocessing</Filter>
    </ClInclude>
    <ClInclude Include="renderer\postprocessing\lensflare.h">
      <Filter>renderer\postprocessing</Filter>
    </ClInclude>
    <ClInclude Include="renderer\utility\resolution.h">
      <Filter>renderer\utility</Filter>
    </ClInclude>
    <ClInclude Include="renderer\framebuffer\pingpong.h">
      <Filter>renderer\framebuffer</Filter>
    </ClInclude>
    <ClInclude Include="renderer\framebuffer\stackbuffer.h">
      <Filter>renderer\framebuffer</Filter>
    </ClInclude>
    <ClInclude Include="renderer\framebuffer\colorbuffer.h">
      <Filter>renderer\framebuffer</Filter>
    </ClInclude>
    <ClInclude Include="renderer\utility\viewport.h">
      <Filter>renderer\utility</Filter>
    </ClInclude>
    <ClInclude Include="renderer\shader\shaderreader.h">
      <Filter>renderer\shader</Filter>
    </ClInclude>
    <ClInclude Include="renderer\shader\shaderbinding.h">
      <Filter>renderer\shader</Filter>
    </ClInclude>
    <ClInclude Include="renderer\utility\range.h">
      <Filter>renderer\utility</Filter>
    </ClInclude>
    <ClInclude Include="renderer\shader\shaderprovider.h">
      <Filter>renderer\shader</Filter>
    </ClInclude>
    <ClInclude Include="renderer\utility\property.h">
      <Filter>renderer\utility</Filter>
    </ClInclude>
    <ClInclude Include="renderer\utility\properties.h">
      <Filter>renderer\utility</Filter>
    </ClInclude>
    <ClInclude Include="renderer\utility\defaults.h">
      <Filter>renderer\utility</Filter>
    </ClInclude>
    <ClInclude Include="renderer\postprocessing\postfactory.h">
      <Filter>renderer\postprocessing</Filter>
    </ClInclude>
    <ClInclude Include="application\scripting\component.h">
      <Filter>application\scripting</Filter>
    </ClInclude>
    <ClInclude Include="application\application.h">
      <Filter>application</Filter>
    </ClInclude>
    <ClInclude Include="application\configuration.h">
      <Filter>application</Filter>
    </ClInclude>
    <ClInclude Include="application\objectwrapper.h">
      <Filter>application</Filter>
    </ClInclude>
    <ClInclude Include="physics\collider.h">
      <Filter>physics</Filter>
    </ClInclude>
    <ClInclude Include="physics\motionstate.h">
      <Filter>physics</Filter>
    </ClInclude>
    <ClInclude Include="physics\physics.h">
      <Filter>physics</Filter>
    </ClInclude>
    <ClInclude Include="physics\rigidbody.h">
      <Filter>physics</Filter>
    </ClInclude>
    <ClInclude Include="physics\worldphysics.h">
      <Filter>physics</Filter>
    </ClInclude>
    <ClInclude Include="renderer\renderscene.h">
      <Filter>renderer</Filter>
    </ClInclude>
    <ClInclude Include="main\arthousescene.h">
      <Filter>main</Filter>
    </ClInclude>
    <ClInclude Include="main\bedroomscene.h">
      <Filter>main</Filter>
    </ClInclude>
    <ClInclude Include="main\deerscene.h">
      <Filter>main</Filter>
    </ClInclude>
    <ClInclude Include="main\giscene.h">
      <Filter>main</Filter>
    </ClInclude>
    <ClInclude Include="main\sciencescene.h">
      <Filter>main</Filter>
    </ClInclude>
    <ClInclude Include="main\sponzascene.h">
      <Filter>main</Filter>
    </ClInclude>
    <ClInclude Include="main\testscene.h">
      <Filter>main</Filter>
    </ClInclude>
    <ClInclude Include="application\threading.h">
      <Filter>application</Filter>
    </ClInclude>
    <ClInclude Include="renderer\transformation\threadedtransform.h">
      <Filter>renderer\transformation</Filter>
    </ClInclude>
    <ClInclude Include="application\inputmanager.h">
      <Filter>application</Filter>
    </ClInclude>
    <ClInclude Include="renderer\cameras\movablecamera.h">
      <Filter>renderer\cameras</Filter>
    </ClInclude>
  </ItemGroup>
  <ItemGroup>
    <None Include="renderer\shaders\lighting.vert">
      <Filter>renderer\shaders</Filter>
    </None>
    <None Include="renderer\shaders\lighting.frag">
      <Filter>renderer\shaders</Filter>
    </None>
    <None Include="renderer\shaders\screen.vert">
      <Filter>renderer\shaders</Filter>
    </None>
    <None Include="renderer\shaders\screen.frag">
      <Filter>renderer\shaders</Filter>
    </None>
    <None Include="renderer\postprocessing\colorcorrection.frag">
      <Filter>renderer\postprocessing</Filter>
    </None>
    <None Include="renderer\cubemapping\skybox.vert">
      <Filter>renderer\cubemapping</Filter>
    </None>
    <None Include="renderer\cubemapping\skybox.frag">
      <Filter>renderer\cubemapping</Filter>
    </None>
    <None Include="renderer\postprocessing\gammacorrection.frag">
      <Filter>renderer\postprocessing</Filter>
    </None>
    <None Include="renderer\shaders\empty.frag">
      <Filter>renderer\shaders</Filter>
    </None>
    <None Include="renderer\postprocessing\tonemapping.frag">
      <Filter>renderer\postprocessing</Filter>
    </None>
    <None Include="renderer\postprocessing\kernelprocessing.frag">
      <Filter>renderer\postprocessing</Filter>
    </None>
    <None Include="renderer\postprocessing\drawdefault.frag">
      <Filter>renderer\postprocessing</Filter>
    </None>
    <None Include="renderer\shaders\empty.vert">
      <Filter>renderer\shaders</Filter>
    </None>
    <None Include="renderer\postprocessing\bloomfilter.frag">
      <Filter>renderer\postprocessing</Filter>
    </None>
    <None Include="renderer\postprocessing\godray.frag">
      <Filter>renderer\postprocessing</Filter>
    </None>
    <None Include="renderer\shaders\gbuffer.vert">
      <Filter>renderer\shaders</Filter>
    </None>
    <None Include="renderer\shaders\gbuffer.frag">
      <Filter>renderer\shaders</Filter>
    </None>
    <None Include="renderer\postprocessing\ssao.frag">
      <Filter>renderer\postprocessing</Filter>
    </None>
    <None Include="renderer\postprocessing\simpleblur.frag">
      <Filter>renderer\postprocessing</Filter>
    </None>
    <None Include="renderer\postprocessing\ssrr.frag">
      <Filter>renderer\postprocessing</Filter>
    </None>
    <None Include="renderer\postprocessing\dof.frag">
      <Filter>renderer\postprocessing</Filter>
    </None>
    <None Include="renderer\postprocessing\dofblur.frag">
      <Filter>renderer\postprocessing</Filter>
    </None>
    <None Include="renderer\postprocessing\fxaa.frag">
      <Filter>renderer\postprocessing</Filter>
    </None>
    <None Include="renderer\postprocessing\combine.frag">
      <Filter>renderer\postprocessing</Filter>
    </None>
    <None Include="renderer\postprocessing\volumetriclight.frag">
      <Filter>renderer\postprocessing</Filter>
    </None>
    <None Include="renderer\postprocessing\bilateral.frag">
      <Filter>renderer\postprocessing</Filter>
    </None>
    <None Include="renderer\postprocessing\simpleblur3d.frag">
      <Filter>renderer\postprocessing</Filter>
    </None>
    <None Include="renderer\postprocessing\bilateraldepth.frag">
      <Filter>renderer\postprocessing</Filter>
    </None>
    <None Include="renderer\postprocessing\sobel.frag">
      <Filter>renderer\postprocessing</Filter>
    </None>
    <None Include="renderer\postprocessing\sobelblur.frag">
      <Filter>renderer\postprocessing</Filter>
    </None>
    <None Include="renderer\cubemapping\envconvert.vert">
      <Filter>renderer\cubemapping</Filter>
    </None>
    <None Include="renderer\cubemapping\envconvert.frag">
      <Filter>renderer\cubemapping</Filter>
    </None>
    <None Include="renderer\cubemapping\irrmap.frag">
      <Filter>renderer\cubemapping</Filter>
    </None>
    <None Include="renderer\shaders\gbufferanim.vert">
      <Filter>renderer\shaders</Filter>
    </None>
    <None Include="renderer\cubemapping\prefilterEnvmap.frag">
      <Filter>renderer\cubemapping</Filter>
    </None>
    <None Include="renderer\texturing\brdfIntMap.frag">
      <Filter>renderer\texturing</Filter>
    </None>
    <None Include="renderer\lighting\raymarch.frag">
      <Filter>renderer\lighting</Filter>
    </None>
    <None Include="renderer\lighting\deferredlighting.vert">
      <Filter>renderer\lighting</Filter>
    </None>
    <None Include="renderer\lighting\ibl.frag">
      <Filter>renderer\lighting</Filter>
    </None>
    <None Include="renderer\voxelization\voxelize.vert">
      <Filter>renderer\voxelization</Filter>
    </None>
    <None Include="renderer\voxelization\voxelize.geom">
      <Filter>renderer\voxelization</Filter>
    </None>
    <None Include="renderer\voxelization\voxelize.frag">
      <Filter>renderer\voxelization</Filter>
    </None>
    <None Include="renderer\voxelization\nodeAlloc.com.glsl">
      <Filter>renderer\voxelization</Filter>
    </None>
    <None Include="renderer\voxelization\nodeFlag.com.glsl">
      <Filter>renderer\voxelization</Filter>
    </None>
    <None Include="renderer\voxelization\nodeInit.com.glsl">
      <Filter>renderer\voxelization</Filter>
    </None>
    <None Include="renderer\shadowmapping\shadowmapping.frag">
      <Filter>renderer\shadowmapping</Filter>
    </None>
    <None Include="renderer\shadowmapping\shadowmapping.vert">
      <Filter>renderer\shadowmapping</Filter>
    </None>
    <None Include="renderer\shadowmapping\shadowmapping.geom">
      <Filter>renderer\shadowmapping</Filter>
    </None>
    <None Include="renderer\voxelization\leavesFill.com.glsl">
      <Filter>renderer\voxelization</Filter>
    </None>
    <None Include="renderer\lighting\conetracer.frag">
      <Filter>renderer\lighting</Filter>
    </None>
    <None Include="renderer\postprocessing\ssrr2.frag">
      <Filter>renderer\postprocessing</Filter>
    </None>
    <None Include="renderer\voxelization\nodeMipmap.com.glsl">
      <Filter>renderer\voxelization</Filter>
    </None>
    <None Include="renderer\voxelization\voxelizeTex.frag">
      <Filter>renderer\voxelization</Filter>
    </None>
    <None Include="renderer\lighting\conetracerTex.frag">
      <Filter>renderer\lighting</Filter>
    </None>
    <None Include="renderer\shaders\gbufferEmi.frag">
      <Filter>renderer\shaders</Filter>
    </None>
    <None Include="renderer\postprocessing\motionblur.frag">
      <Filter>renderer\postprocessing</Filter>
    </None>
    <None Include="renderer\postprocessing\motionblur2.frag">
      <Filter>renderer\postprocessing</Filter>
    </None>
    <None Include="renderer\postprocessing\passthrough.frag">
      <Filter>renderer\postprocessing</Filter>
    </None>
    <None Include="renderer\postprocessing\velocity.frag">
      <Filter>renderer\postprocessing</Filter>
    </None>
    <None Include="renderer\postprocessing\lensflare.frag">
      <Filter>renderer\postprocessing</Filter>
    </None>
    <None Include="renderer\postprocessing\gaussianblur2.frag">
      <Filter>renderer\postprocessing</Filter>
    </None>
    <None Include="renderer\postprocessing\gaussianblur1.frag">
      <Filter>renderer\postprocessing</Filter>
    </None>
    <None Include="renderer\postprocessing\gaussianblur3.frag">
      <Filter>renderer\postprocessing</Filter>
    </None>
    <None Include="renderer\postprocessing\gaussianblur4.frag">
      <Filter>renderer\postprocessing</Filter>
    </None>
    <None Include="renderer\postprocessing\brightnessfilter.frag">
      <Filter>renderer\postprocessing</Filter>
    </None>
    <None Include="renderer\shaders\helperfunctions.glsl">
      <Filter>renderer\shaders</Filter>
    </None>
    <None Include="renderer\lights\lights.glsl">
      <Filter>renderer\lights</Filter>
    </None>
    <None Include="renderer\lighting\deferredlighting.frag">
      <Filter>renderer\lighting</Filter>
    </None>
    <None Include="renderer\lighting\cooktorrance.glsl">
      <Filter>renderer\lighting</Filter>
    </None>
    <None Include="renderer\shaders\sampling.glsl">
      <Filter>renderer\shaders</Filter>
    </None>
    <None Include="renderer\shaders\material.glsl">
      <Filter>renderer\shaders</Filter>
    </None>
    <None Include="renderer\shadowmapping\shadows.glsl">
      <Filter>renderer\shadowmapping</Filter>
    </None>
    <None Include="renderer\shaders\samplingvector.glsl">
      <Filter>renderer\shaders</Filter>
    </None>
  </ItemGroup>
</Project>