<?xml version="1.0" encoding="utf-8"?>
<Project ToolsVersion="4.0" xmlns="http://schemas.microsoft.com/developer/msbuild/2003">
  <ItemGroup>
    <Filter Include="main">
      <UniqueIdentifier>{afe3341d-e421-4da8-9986-92dc816cabe5}</UniqueIdentifier>
    </Filter>
    <Filter Include="renderer">
      <UniqueIdentifier>{2e7645fd-edde-442b-8ec1-49dd98d7750b}</UniqueIdentifier>
    </Filter>
    <Filter Include="renderer\shaders">
      <UniqueIdentifier>{f7196ad3-8d6d-4d55-a6da-21459b72e4a1}</UniqueIdentifier>
    </Filter>
    <Filter Include="renderer\texturing">
      <UniqueIdentifier>{f8161c2b-4b16-44c4-bd0b-0e69f9987b60}</UniqueIdentifier>
    </Filter>
    <Filter Include="renderer\cameras">
      <UniqueIdentifier>{31fa0071-4812-4698-9ca2-0863ef10deed}</UniqueIdentifier>
    </Filter>
    <Filter Include="renderer\lighting">
      <UniqueIdentifier>{62cbc5e1-9a2c-4eea-ab1f-e12654bd7bde}</UniqueIdentifier>
    </Filter>
    <Filter Include="renderer\shader">
      <UniqueIdentifier>{00ef9d40-5d00-4d23-a235-ad586ad301d4}</UniqueIdentifier>
    </Filter>
    <Filter Include="renderer\renderer">
      <UniqueIdentifier>{f5c8f5ad-a3f0-42fd-b2b9-4156616c12a6}</UniqueIdentifier>
    </Filter>
    <Filter Include="renderer\materials">
      <UniqueIdentifier>{1234491a-99f3-40af-9c6f-1aa8f75c428d}</UniqueIdentifier>
    </Filter>
    <Filter Include="renderer\utility">
      <UniqueIdentifier>{1eecf185-c6d6-4aa1-b37d-08e73d3fb0de}</UniqueIdentifier>
    </Filter>
    <Filter Include="renderer\meshes">
      <UniqueIdentifier>{1f116d60-735e-403d-a817-2d2365e1c31e}</UniqueIdentifier>
    </Filter>
    <Filter Include="renderer\transformation">
      <UniqueIdentifier>{ab82eccb-7be9-4699-97a1-f6cf00e5fc3a}</UniqueIdentifier>
    </Filter>
    <Filter Include="renderer\postprocessing">
      <UniqueIdentifier>{afbc38fe-58f0-4f97-850a-890aebdff1b1}</UniqueIdentifier>
    </Filter>
    <Filter Include="renderer\cubemapping">
      <UniqueIdentifier>{94442e4d-631a-4ef1-821d-af60aed6766b}</UniqueIdentifier>
    </Filter>
    <Filter Include="renderer\scripting">
      <UniqueIdentifier>{bcc18f39-e065-40af-a54f-ec1ce6ead7cf}</UniqueIdentifier>
    </Filter>
  </ItemGroup>
  <ItemGroup>
    <ClCompile Include="main\main.cpp">
      <Filter>main</Filter>
    </ClCompile>
    <ClCompile Include="renderer\texturing\simpletexture.cpp">
      <Filter>renderer\texturing</Filter>
    </ClCompile>
    <ClCompile Include="renderer\texturing\layeredtexture.cpp">
      <Filter>renderer\texturing</Filter>
    </ClCompile>
    <ClCompile Include="renderer\inputmanager.cpp">
      <Filter>renderer</Filter>
    </ClCompile>
    <ClCompile Include="renderer\window.cpp">
      <Filter>renderer</Filter>
    </ClCompile>
    <ClCompile Include="renderer\cameras\camera.cpp">
      <Filter>renderer\cameras</Filter>
    </ClCompile>
    <ClCompile Include="renderer\cameras\perspectivecamera.cpp">
      <Filter>renderer\cameras</Filter>
    </ClCompile>
    <ClCompile Include="renderer\lighting\pointlight.cpp">
      <Filter>renderer\lighting</Filter>
    </ClCompile>
    <ClCompile Include="renderer\lighting\lightmanager.cpp">
      <Filter>renderer\lighting</Filter>
    </ClCompile>
    <ClCompile Include="renderer\shader\shader.cpp">
      <Filter>renderer\shader</Filter>
    </ClCompile>
    <ClCompile Include="renderer\renderer\simplerenderer.cpp">
      <Filter>renderer\renderer</Filter>
    </ClCompile>
    <ClCompile Include="renderer\renderer.cpp">
      <Filter>renderer</Filter>
    </ClCompile>
    <ClCompile Include="renderer\renderer\splitrenderer.cpp">
      <Filter>renderer\renderer</Filter>
    </ClCompile>
    <ClCompile Include="renderer\lighting\directionallight.cpp">
      <Filter>renderer\lighting</Filter>
    </ClCompile>
    <ClCompile Include="renderer\lighting\spotlight.cpp">
      <Filter>renderer\lighting</Filter>
    </ClCompile>
    <ClCompile Include="renderer\lighting\light.cpp">
      <Filter>renderer\lighting</Filter>
    </ClCompile>
    <ClCompile Include="renderer\meshes\mesh.cpp">
      <Filter>renderer\meshes</Filter>
    </ClCompile>
    <ClCompile Include="renderer\meshes\model.cpp">
      <Filter>renderer\meshes</Filter>
    </ClCompile>
    <ClCompile Include="renderer\materials\materialfactory.cpp">
      <Filter>renderer\materials</Filter>
    </ClCompile>
    <ClCompile Include="renderer\shader\shadermanager.cpp">
      <Filter>renderer\shader</Filter>
    </ClCompile>
    <ClCompile Include="renderer\transformation\transform.cpp">
      <Filter>renderer\transformation</Filter>
    </ClCompile>
    <ClCompile Include="renderer\transformation\transformfactory.cpp">
      <Filter>renderer\transformation</Filter>
    </ClCompile>
    <ClCompile Include="renderer\meshes\meshrenderer.cpp">
      <Filter>renderer\meshes</Filter>
    </ClCompile>
    <ClCompile Include="renderer\meshes\meshfactory.cpp">
      <Filter>renderer\meshes</Filter>
    </ClCompile>
    <ClCompile Include="renderer\renderer\postrenderer.cpp">
      <Filter>renderer\renderer</Filter>
    </ClCompile>
    <ClCompile Include="renderer\postprocessing\postprocessing.cpp">
      <Filter>renderer\postprocessing</Filter>
    </ClCompile>
    <ClCompile Include="renderer\postprocessing\colorcorrection.cpp">
      <Filter>renderer\postprocessing</Filter>
    </ClCompile>
    <ClCompile Include="renderer\cubemapping\skybox.cpp">
      <Filter>renderer\cubemapping</Filter>
    </ClCompile>
    <ClCompile Include="renderer\cubemapping\cubemap.cpp">
      <Filter>renderer\cubemapping</Filter>
    </ClCompile>
    <ClCompile Include="renderer\utility\rendertime.cpp">
      <Filter>renderer\utility</Filter>
    </ClCompile>
    <ClCompile Include="renderer\postprocessing\gammacorrection.cpp">
      <Filter>renderer\postprocessing</Filter>
    </ClCompile>
    <ClCompile Include="main\a_shadows.cpp">
      <Filter>main</Filter>
    </ClCompile>
    <ClCompile Include="renderer\postprocessing\drawdefault.cpp">
      <Filter>renderer\postprocessing</Filter>
    </ClCompile>
    <ClCompile Include="renderer\scene.cpp">
      <Filter>renderer</Filter>
    </ClCompile>
    <ClCompile Include="renderer\postprocessing\tonemapping.cpp">
      <Filter>renderer\postprocessing</Filter>
    </ClCompile>
    <ClCompile Include="renderer\sceneobject.cpp">
      <Filter>renderer</Filter>
    </ClCompile>
    <ClCompile Include="renderer\utility\framebuffer.cpp">
      <Filter>renderer\utility</Filter>
    </ClCompile>
    <ClCompile Include="renderer\postprocessing\gaussianblur.cpp">
      <Filter>renderer\postprocessing</Filter>
    </ClCompile>
    <ClCompile Include="renderer\postprocessing\bloom.cpp">
      <Filter>renderer\postprocessing</Filter>
    </ClCompile>
    <ClCompile Include="renderer\postprocessing\godray.cpp">
      <Filter>renderer\postprocessing</Filter>
    </ClCompile>
    <ClCompile Include="renderer\materials\genericmaterial.cpp">
      <Filter>renderer\materials</Filter>
    </ClCompile>
    <ClCompile Include="renderer\materials\defaultmaterial.cpp">
      <Filter>renderer\materials</Filter>
    </ClCompile>
    <ClCompile Include="renderer\renderer\deferredrenderer.cpp">
      <Filter>renderer\renderer</Filter>
    </ClCompile>
    <ClCompile Include="renderer\utility\gbuffer.cpp">
      <Filter>renderer\utility</Filter>
    </ClCompile>
    <ClCompile Include="renderer\utility\screenquad.cpp">
      <Filter>renderer\utility</Filter>
    </ClCompile>
    <ClCompile Include="renderer\postprocessing\ssao.cpp">
      <Filter>renderer\postprocessing</Filter>
    </ClCompile>
  </ItemGroup>
  <ItemGroup>
    <ClInclude Include="renderer\renderer.h">
      <Filter>renderer</Filter>
    </ClInclude>
    <ClInclude Include="renderer\texturing\texture.h">
      <Filter>renderer\texturing</Filter>
    </ClInclude>
    <ClInclude Include="renderer\texturing\simpletexture.h">
      <Filter>renderer\texturing</Filter>
    </ClInclude>
    <ClInclude Include="renderer\texturing\layeredtexture.h">
      <Filter>renderer\texturing</Filter>
    </ClInclude>
    <ClInclude Include="renderer\inputmanager.h">
      <Filter>renderer</Filter>
    </ClInclude>
    <ClInclude Include="renderer\window.h">
      <Filter>renderer</Filter>
    </ClInclude>
    <ClInclude Include="renderer\cameras\camera.h">
      <Filter>renderer\cameras</Filter>
    </ClInclude>
    <ClInclude Include="renderer\cameras\perspectivecamera.h">
      <Filter>renderer\cameras</Filter>
    </ClInclude>
    <ClInclude Include="renderer\lighting\light.h">
      <Filter>renderer\lighting</Filter>
    </ClInclude>
    <ClInclude Include="renderer\lighting\pointlight.h">
      <Filter>renderer\lighting</Filter>
    </ClInclude>
    <ClInclude Include="renderer\lighting\lightmanager.h">
      <Filter>renderer\lighting</Filter>
    </ClInclude>
    <ClInclude Include="renderer\shader\shader.h">
      <Filter>renderer\shader</Filter>
    </ClInclude>
    <ClInclude Include="renderer\renderer\simplerenderer.h">
      <Filter>renderer\renderer</Filter>
    </ClInclude>
    <ClInclude Include="renderer\renderer\splitrenderer.h">
      <Filter>renderer\renderer</Filter>
    </ClInclude>
    <ClInclude Include="renderer\materials\material.h">
      <Filter>renderer\materials</Filter>
    </ClInclude>
    <ClInclude Include="renderer\lighting\directionallight.h">
      <Filter>renderer\lighting</Filter>
    </ClInclude>
    <ClInclude Include="renderer\lighting\spotlight.h">
      <Filter>renderer\lighting</Filter>
    </ClInclude>
    <ClInclude Include="renderer\utility\rendertime.h">
      <Filter>renderer\utility</Filter>
    </ClInclude>
    <ClInclude Include="renderer\meshes\mesh.h">
      <Filter>renderer\meshes</Filter>
    </ClInclude>
    <ClInclude Include="renderer\meshes\model.h">
      <Filter>renderer\meshes</Filter>
    </ClInclude>
    <ClInclude Include="renderer\materials\materialfactory.h">
      <Filter>renderer\materials</Filter>
    </ClInclude>
    <ClInclude Include="renderer\shader\shadermanager.h">
      <Filter>renderer\shader</Filter>
    </ClInclude>
    <ClInclude Include="renderer\transformation\transform.h">
      <Filter>renderer\transformation</Filter>
    </ClInclude>
    <ClInclude Include="renderer\transformation\transformfactory.h">
      <Filter>renderer\transformation</Filter>
    </ClInclude>
    <ClInclude Include="renderer\meshes\meshrenderer.h">
      <Filter>renderer\meshes</Filter>
    </ClInclude>
    <ClInclude Include="renderer\meshes\meshfactory.h">
      <Filter>renderer\meshes</Filter>
    </ClInclude>
    <ClInclude Include="renderer\renderer\postrenderer.h">
      <Filter>renderer\renderer</Filter>
    </ClInclude>
    <ClInclude Include="renderer\postprocessing\postprocessing.h">
      <Filter>renderer\postprocessing</Filter>
    </ClInclude>
    <ClInclude Include="renderer\postprocessing\colorcorrection.h">
      <Filter>renderer\postprocessing</Filter>
    </ClInclude>
    <ClInclude Include="renderer\cubemapping\skybox.h">
      <Filter>renderer\cubemapping</Filter>
    </ClInclude>
    <ClInclude Include="renderer\cubemapping\cubemap.h">
      <Filter>renderer\cubemapping</Filter>
    </ClInclude>
    <ClInclude Include="renderer\postprocessing\gammacorrection.h">
      <Filter>renderer\postprocessing</Filter>
    </ClInclude>
    <ClInclude Include="main\a_shadows.h">
      <Filter>main</Filter>
    </ClInclude>
    <ClInclude Include="renderer\postprocessing\drawdefault.h">
      <Filter>renderer\postprocessing</Filter>
    </ClInclude>
    <ClInclude Include="renderer\scene.h">
      <Filter>renderer</Filter>
    </ClInclude>
    <ClInclude Include="renderer\postprocessing\tonemapping.h">
      <Filter>renderer\postprocessing</Filter>
    </ClInclude>
    <ClInclude Include="renderer\scripting\scenecontrolobject.h">
      <Filter>renderer\scripting</Filter>
    </ClInclude>
    <ClInclude Include="renderer\scripting\component.h">
      <Filter>renderer\scripting</Filter>
    </ClInclude>
    <ClInclude Include="renderer\sceneobject.h">
      <Filter>renderer</Filter>
    </ClInclude>
    <ClInclude Include="renderer\postprocessing\bloom.h">
      <Filter>renderer\postprocessing</Filter>
    </ClInclude>
    <ClInclude Include="renderer\utility\framebuffer.h">
      <Filter>renderer\utility</Filter>
    </ClInclude>
    <ClInclude Include="renderer\postprocessing\gaussianblur.h">
      <Filter>renderer\postprocessing</Filter>
    </ClInclude>
    <ClInclude Include="renderer\postprocessing\godray.h">
      <Filter>renderer\postprocessing</Filter>
    </ClInclude>
    <ClInclude Include="renderer\materials\genericmaterial.h">
      <Filter>renderer\materials</Filter>
    </ClInclude>
    <ClInclude Include="renderer\materials\defaultmaterial.h">
      <Filter>renderer\materials</Filter>
    </ClInclude>
    <ClInclude Include="renderer\renderer\deferredrenderer.h">
      <Filter>renderer\renderer</Filter>
    </ClInclude>
    <ClInclude Include="renderer\utility\gbuffer.h">
      <Filter>renderer\utility</Filter>
    </ClInclude>
    <ClInclude Include="renderer\utility\screenquad.h">
      <Filter>renderer\utility</Filter>
    </ClInclude>
    <ClInclude Include="renderer\postprocessing\ssao.h">
      <Filter>renderer\postprocessing</Filter>
    </ClInclude>
  </ItemGroup>
  <ItemGroup>
    <None Include="renderer\shaders\simple.vert">
      <Filter>renderer\shaders</Filter>
    </None>
    <None Include="renderer\shaders\simple.frag">
      <Filter>renderer\shaders</Filter>
    </None>
    <None Include="renderer\shaders\simpleTex.vert">
      <Filter>renderer\shaders</Filter>
    </None>
    <None Include="renderer\shaders\simpleTex.frag">
      <Filter>renderer\shaders</Filter>
    </None>
    <None Include="renderer\shaders\transform.vert">
      <Filter>renderer\shaders</Filter>
    </None>
    <None Include="renderer\shaders\lighting.vert">
      <Filter>renderer\shaders</Filter>
    </None>
    <None Include="renderer\shaders\lighting.frag">
      <Filter>renderer\shaders</Filter>
    </None>
    <None Include="renderer\shaders\lamp.frag">
      <Filter>renderer\shaders</Filter>
    </None>
    <None Include="renderer\shaders\simpleDiffuse.frag">
      <Filter>renderer\shaders</Filter>
    </None>
    <None Include="renderer\shaders\screen.vert">
      <Filter>renderer\shaders</Filter>
    </None>
    <None Include="renderer\shaders\screen.frag">
      <Filter>renderer\shaders</Filter>
    </None>
    <None Include="renderer\postprocessing\colorcorrection.frag">
      <Filter>renderer\postprocessing</Filter>
    </None>
    <None Include="renderer\cubemapping\skybox.vert">
      <Filter>renderer\cubemapping</Filter>
    </None>
    <None Include="renderer\cubemapping\skybox.frag">
      <Filter>renderer\cubemapping</Filter>
    </None>
    <None Include="renderer\shaders\reflective.vert">
      <Filter>renderer\shaders</Filter>
    </None>
    <None Include="renderer\shaders\reflective.frag">
      <Filter>renderer\shaders</Filter>
    </None>
    <None Include="renderer\postprocessing\gammacorrection.frag">
      <Filter>renderer\postprocessing</Filter>
    </None>
    <None Include="renderer\shaders\shadowmapping.vert">
      <Filter>renderer\shaders</Filter>
    </None>
    <None Include="renderer\shaders\empty.frag">
      <Filter>renderer\shaders</Filter>
    </None>
    <None Include="renderer\postprocessing\tonemapping.frag">
      <Filter>renderer\postprocessing</Filter>
    </None>
    <None Include="renderer\postprocessing\kernelprocessing.frag">
      <Filter>renderer\postprocessing</Filter>
    </None>
    <None Include="renderer\postprocessing\drawdefault.frag">
      <Filter>renderer\postprocessing</Filter>
    </None>
    <None Include="renderer\shaders\shadowmapping.frag">
      <Filter>renderer\shaders</Filter>
    </None>
    <None Include="renderer\shaders\empty.vert">
      <Filter>renderer\shaders</Filter>
    </None>
    <None Include="renderer\shaders\shadowmapping.gs">
      <Filter>renderer\shaders</Filter>
    </None>
    <None Include="renderer\postprocessing\gaussianblur.frag">
      <Filter>renderer\postprocessing</Filter>
    </None>
    <None Include="renderer\postprocessing\bloomfilter.frag">
      <Filter>renderer\postprocessing</Filter>
    </None>
    <None Include="renderer\postprocessing\bloomcombine.frag">
      <Filter>renderer\postprocessing</Filter>
    </None>
    <None Include="renderer\postprocessing\godray.frag">
      <Filter>renderer\postprocessing</Filter>
    </None>
    <None Include="renderer\shaders\gbuffer.vert">
      <Filter>renderer\shaders</Filter>
    </None>
    <None Include="renderer\shaders\gbuffer.frag">
      <Filter>renderer\shaders</Filter>
    </None>
    <None Include="renderer\shaders\deferredlighting.frag">
      <Filter>renderer\shaders</Filter>
    </None>
    <None Include="renderer\shaders\deferredlighting.vert">
      <Filter>renderer\shaders</Filter>
    </None>
    <None Include="renderer\postprocessing\ssao.frag">
      <Filter>renderer\postprocessing</Filter>
    </None>
  </ItemGroup>
</Project>